{
  "version": "5",
  "specifiers": {
    "npm:kysely@*": "0.28.9"
  },
  "npm": {
    "kysely@0.28.9": {
      "integrity": "sha512-3BeXMoiOhpOwu62CiVpO6lxfq4eS6KMYfQdMsN/2kUCRNuF2YiEr7u0HLHaQU+O4Xu8YXE3bHVkwaQ85i72EuA=="
    }
  },
  "workspace": {
    "dependencies": [
      "npm:@supabase/supabase-js@*",
      "npm:kysely@*",
      "npm:pg@*"
    ]
  }
}
